// !$*UTF8*$!
{
	archiveVersion = 1;
	classes = {
	};
	objectVersion = 55;
	objects = {

/* Begin PBXBuildFile section */
		A03FF4DB283721A400870899 /* AppDelegate.swift in Sources */ = {isa = PBXBuildFile; fileRef = A03FF4DA283721A400870899 /* AppDelegate.swift */; };
		A03FF4DD283721A400870899 /* SceneDelegate.swift in Sources */ = {isa = PBXBuildFile; fileRef = A03FF4DC283721A400870899 /* SceneDelegate.swift */; };
		A03FF4DF283721A400870899 /* ViewController.swift in Sources */ = {isa = PBXBuildFile; fileRef = A03FF4DE283721A400870899 /* ViewController.swift */; };
		A03FF4E2283721A400870899 /* Main.storyboard in Resources */ = {isa = PBXBuildFile; fileRef = A03FF4E0283721A400870899 /* Main.storyboard */; };
		A03FF4E5283721A400870899 /* Audio.xcdatamodeld in Sources */ = {isa = PBXBuildFile; fileRef = A03FF4E3283721A400870899 /* Audio.xcdatamodeld */; };
		A03FF4E7283721A600870899 /* Assets.xcassets in Resources */ = {isa = PBXBuildFile; fileRef = A03FF4E6283721A600870899 /* Assets.xcassets */; };
		A03FF4EA283721A600870899 /* LaunchScreen.storyboard in Resources */ = {isa = PBXBuildFile; fileRef = A03FF4E8283721A600870899 /* LaunchScreen.storyboard */; };
		A03FF4F5283721A600870899 /* AudioTests.swift in Sources */ = {isa = PBXBuildFile; fileRef = A03FF4F4283721A600870899 /* AudioTests.swift */; };
		A03FF4FF283721A600870899 /* AudioUITests.swift in Sources */ = {isa = PBXBuildFile; fileRef = A03FF4FE283721A600870899 /* AudioUITests.swift */; };
		A03FF501283721A600870899 /* AudioUITestsLaunchTests.swift in Sources */ = {isa = PBXBuildFile; fileRef = A03FF500283721A600870899 /* AudioUITestsLaunchTests.swift */; };
		A03FF50E28372B0C00870899 /* Sicilian_Breeze.mp3 in Resources */ = {isa = PBXBuildFile; fileRef = A03FF50D28372B0C00870899 /* Sicilian_Breeze.mp3 */; };
/* End PBXBuildFile section */

/* Begin PBXContainerItemProxy section */
		A03FF4F1283721A600870899 /* PBXContainerItemProxy */ = {
			isa = PBXContainerItemProxy;
			containerPortal = A03FF4CF283721A400870899 /* Project object */;
			proxyType = 1;
			remoteGlobalIDString = A03FF4D6283721A400870899;
			remoteInfo = Audio;
		};
		A03FF4FB283721A600870899 /* PBXContainerItemProxy */ = {
			isa = PBXContainerItemProxy;
			containerPortal = A03FF4CF283721A400870899 /* Project object */;
			proxyType = 1;
			remoteGlobalIDString = A03FF4D6283721A400870899;
			remoteInfo = Audio;
		};
/* End PBXContainerItemProxy section */

/* Begin PBXFileReference section */
		A03FF4D7283721A400870899 /* Audio.app */ = {isa = PBXFileReference; explicitFileType = wrapper.application; includeInIndex = 0; path = Audio.app; sourceTree = BUILT_PRODUCTS_DIR; };
		A03FF4DA283721A400870899 /* AppDelegate.swift */ = {isa = PBXFileReference; lastKnownFileType = sourcecode.swift; path = AppDelegate.swift; sourceTree = "<group>"; };
		A03FF4DC283721A400870899 /* SceneDelegate.swift */ = {isa = PBXFileReference; lastKnownFileType = sourcecode.swift; path = SceneDelegate.swift; sourceTree = "<group>"; };
		A03FF4DE283721A400870899 /* ViewController.swift */ = {isa = PBXFileReference; lastKnownFileType = sourcecode.swift; path = ViewController.swift; sourceTree = "<group>"; };
		A03FF4E1283721A400870899 /* Base */ = {isa = PBXFileReference; lastKnownFileType = file.storyboard; name = Base; path = Base.lproj/Main.storyboard; sourceTree = "<group>"; };
		A03FF4E4283721A400870899 /* Audio.xcdatamodel */ = {isa = PBXFileReference; lastKnownFileType = wrapper.xcdatamodel; path = Audio.xcdatamodel; sourceTree = "<group>"; };
		A03FF4E6283721A600870899 /* Assets.xcassets */ = {isa = PBXFileReference; lastKnownFileType = folder.assetcatalog; path = Assets.xcassets; sourceTree = "<group>"; };
		A03FF4E9283721A600870899 /* Base */ = {isa = PBXFileReference; lastKnownFileType = file.storyboard; name = Base; path = Base.lproj/LaunchScreen.storyboard; sourceTree = "<group>"; };
		A03FF4EB283721A600870899 /* Info.plist */ = {isa = PBXFileReference; lastKnownFileType = text.plist.xml; path = Info.plist; sourceTree = "<group>"; };
		A03FF4F0283721A600870899 /* AudioTests.xctest */ = {isa = PBXFileReference; explicitFileType = wrapper.cfbundle; includeInIndex = 0; path = AudioTests.xctest; sourceTree = BUILT_PRODUCTS_DIR; };
		A03FF4F4283721A600870899 /* AudioTests.swift */ = {isa = PBXFileReference; lastKnownFileType = sourcecode.swift; path = AudioTests.swift; sourceTree = "<group>"; };
		A03FF4FA283721A600870899 /* AudioUITests.xctest */ = {isa = PBXFileReference; explicitFileType = wrapper.cfbundle; includeInIndex = 0; path = AudioUITests.xctest; sourceTree = BUILT_PRODUCTS_DIR; };
		A03FF4FE283721A600870899 /* AudioUITests.swift */ = {isa = PBXFileReference; lastKnownFileType = sourcecode.swift; path = AudioUITests.swift; sourceTree = "<group>"; };
		A03FF500283721A600870899 /* AudioUITestsLaunchTests.swift */ = {isa = PBXFileReference; lastKnownFileType = sourcecode.swift; path = AudioUITestsLaunchTests.swift; sourceTree = "<group>"; };
		A03FF50D28372B0C00870899 /* Sicilian_Breeze.mp3 */ = {isa = PBXFileReference; lastKnownFileType = audio.mp3; path = Sicilian_Breeze.mp3; sourceTree = "<group>"; };
/* End PBXFileReference section */

/* Begin PBXFrameworksBuildPhase section */
		A03FF4D4283721A400870899 /* Frameworks */ = {
			isa = PBXFrameworksBuildPhase;
			buildActionMask = 2147483647;
			files = (
			);
			runOnlyForDeploymentPostprocessing = 0;
		};
		A03FF4ED283721A600870899 /* Frameworks */ = {
			isa = PBXFrameworksBuildPhase;
			buildActionMask = 2147483647;
			files = (
			);
			runOnlyForDeploymentPostprocessing = 0;
		};
		A03FF4F7283721A600870899 /* Frameworks */ = {
			isa = PBXFrameworksBuildPhase;
			buildActionMask = 2147483647;
			files = (
			);
			runOnlyForDeploymentPostprocessing = 0;
		};
/* End PBXFrameworksBuildPhase section */

/* Begin PBXGroup section */
		A03FF4CE283721A400870899 = {
			isa = PBXGroup;
			children = (
				A03FF4D9283721A400870899 /* Audio */,
				A03FF4F3283721A600870899 /* AudioTests */,
				A03FF4FD283721A600870899 /* AudioUITests */,
				A03FF4D8283721A400870899 /* Products */,
			);
			sourceTree = "<group>";
		};
		A03FF4D8283721A400870899 /* Products */ = {
			isa = PBXGroup;
			children = (
				A03FF4D7283721A400870899 /* Audio.app */,
				A03FF4F0283721A600870899 /* AudioTests.xctest */,
				A03FF4FA283721A600870899 /* AudioUITests.xctest */,
			);
			name = Products;
			sourceTree = "<group>";
		};
		A03FF4D9283721A400870899 /* Audio */ = {
			isa = PBXGroup;
			children = (
				A03FF50D28372B0C00870899 /* Sicilian_Breeze.mp3 */,
				A03FF4DA283721A400870899 /* AppDelegate.swift */,
				A03FF4DC283721A400870899 /* SceneDelegate.swift */,
				A03FF4DE283721A400870899 /* ViewController.swift */,
				A03FF4E0283721A400870899 /* Main.storyboard */,
				A03FF4E6283721A600870899 /* Assets.xcassets */,
				A03FF4E8283721A600870899 /* LaunchScreen.storyboard */,
				A03FF4EB283721A600870899 /* Info.plist */,
				A03FF4E3283721A400870899 /* Audio.xcdatamodeld */,
			);
			path = Audio;
			sourceTree = "<group>";
		};
		A03FF4F3283721A600870899 /* AudioTests */ = {
			isa = PBXGroup;
			children = (
				A03FF4F4283721A600870899 /* AudioTests.swift */,
			);
			path = AudioTests;
			sourceTree = "<group>";
		};
		A03FF4FD283721A600870899 /* AudioUITests */ = {
			isa = PBXGroup;
			children = (
				A03FF4FE283721A600870899 /* AudioUITests.swift */,
				A03FF500283721A600870899 /* AudioUITestsLaunchTests.swift */,
			);
			path = AudioUITests;
			sourceTree = "<group>";
		};
/* End PBXGroup section */

/* Begin PBXNativeTarget section */
		A03FF4D6283721A400870899 /* Audio */ = {
			isa = PBXNativeTarget;
			buildConfigurationList = A03FF504283721A600870899 /* Build configuration list for PBXNativeTarget "Audio" */;
			buildPhases = (
				A03FF4D3283721A400870899 /* Sources */,
				A03FF4D4283721A400870899 /* Frameworks */,
				A03FF4D5283721A400870899 /* Resources */,
			);
			buildRules = (
			);
			dependencies = (
			);
			name = Audio;
			productName = Audio;
			productReference = A03FF4D7283721A400870899 /* Audio.app */;
			productType = "com.apple.product-type.application";
		};
		A03FF4EF283721A600870899 /* AudioTests */ = {
			isa = PBXNativeTarget;
			buildConfigurationList = A03FF507283721A600870899 /* Build configuration list for PBXNativeTarget "AudioTests" */;
			buildPhases = (
				A03FF4EC283721A600870899 /* Sources */,
				A03FF4ED283721A600870899 /* Frameworks */,
				A03FF4EE283721A600870899 /* Resources */,
			);
			buildRules = (
			);
			dependencies = (
				A03FF4F2283721A600870899 /* PBXTargetDependency */,
			);
			name = AudioTests;
			productName = AudioTests;
			productReference = A03FF4F0283721A600870899 /* AudioTests.xctest */;
			productType = "com.apple.product-type.bundle.unit-test";
		};
		A03FF4F9283721A600870899 /* AudioUITests */ = {
			isa = PBXNativeTarget;
			buildConfigurationList = A03FF50A283721A600870899 /* Build configuration list for PBXNativeTarget "AudioUITests" */;
			buildPhases = (
				A03FF4F6283721A600870899 /* Sources */,
				A03FF4F7283721A600870899 /* Frameworks */,
				A03FF4F8283721A600870899 /* Resources */,
			);
			buildRules = (
			);
			dependencies = (
				A03FF4FC283721A600870899 /* PBXTargetDependency */,
			);
			name = AudioUITests;
			productName = AudioUITests;
			productReference = A03FF4FA283721A600870899 /* AudioUITests.xctest */;
			productType = "com.apple.product-type.bundle.ui-testing";
		};
/* End PBXNativeTarget section */

/* Begin PBXProject section */
		A03FF4CF283721A400870899 /* Project object */ = {
			isa = PBXProject;
			attributes = {
				BuildIndependentTargetsInParallel = 1;
				LastSwiftUpdateCheck = 1320;
				LastUpgradeCheck = 1320;
				TargetAttributes = {
					A03FF4D6283721A400870899 = {
						CreatedOnToolsVersion = 13.2.1;
					};
					A03FF4EF283721A600870899 = {
						CreatedOnToolsVersion = 13.2.1;
						TestTargetID = A03FF4D6283721A400870899;
					};
					A03FF4F9283721A600870899 = {
						CreatedOnToolsVersion = 13.2.1;
						TestTargetID = A03FF4D6283721A400870899;
					};
				};
			};
			buildConfigurationList = A03FF4D2283721A400870899 /* Build configuration list for PBXProject "Audio" */;
			compatibilityVersion = "Xcode 13.0";
			developmentRegion = en;
			hasScannedForEncodings = 0;
			knownRegions = (
				en,
				Base,
			);
			mainGroup = A03FF4CE283721A400870899;
			productRefGroup = A03FF4D8283721A400870899 /* Products */;
			projectDirPath = "";
			projectRoot = "";
			targets = (
				A03FF4D6283721A400870899 /* Audio */,
				A03FF4EF283721A600870899 /* AudioTests */,
				A03FF4F9283721A600870899 /* AudioUITests */,
			);
		};
/* End PBXProject section */

/* Begin PBXResourcesBuildPhase section */
		A03FF4D5283721A400870899 /* Resources */ = {
			isa = PBXResourcesBuildPhase;
			buildActionMask = 2147483647;
			files = (
				A03FF4EA283721A600870899 /* LaunchScreen.storyboard in Resources */,
				A03FF50E28372B0C00870899 /* Sicilian_Breeze.mp3 in Resources */,
				A03FF4E7283721A600870899 /* Assets.xcassets in Resources */,
				A03FF4E2283721A400870899 /* Main.storyboard in Resources */,
			);
			runOnlyForDeploymentPostprocessing = 0;
		};
		A03FF4EE283721A600870899 /* Resources */ = {
			isa = PBXResourcesBuildPhase;
			buildActionMask = 2147483647;
			files = (
			);
			runOnlyForDeploymentPostprocessing = 0;
		};
		A03FF4F8283721A600870899 /* Resources */ = {
			isa = PBXResourcesBuildPhase;
			buildActionMask = 2147483647;
			files = (
			);
			runOnlyForDeploymentPostprocessing = 0;
		};
/* End PBXResourcesBuildPhase section */

/* Begin PBXSourcesBuildPhase section */
		A03FF4D3283721A400870899 /* Sources */ = {
			isa = PBXSourcesBuildPhase;
			buildActionMask = 2147483647;
			files = (
				A03FF4E5283721A400870899 /* Audio.xcdatamodeld in Sources */,
				A03FF4DF283721A400870899 /* ViewController.swift in Sources */,
				A03FF4DB283721A400870899 /* AppDelegate.swift in Sources */,
				A03FF4DD283721A400870899 /* SceneDelegate.swift in Sources */,
			);
			runOnlyForDeploymentPostprocessing = 0;
		};
		A03FF4EC283721A600870899 /* Sources */ = {
			isa = PBXSourcesBuildPhase;
			buildActionMask = 2147483647;
			files = (
				A03FF4F5283721A600870899 /* AudioTests.swift in Sources */,
			);
			runOnlyForDeploymentPostprocessing = 0;
		};
		A03FF4F6283721A600870899 /* Sources */ = {
			isa = PBXSourcesBuildPhase;
			buildActionMask = 2147483647;
			files = (
				A03FF4FF283721A600870899 /* AudioUITests.swift in Sources */,
				A03FF501283721A600870899 /* AudioUITestsLaunchTests.swift in Sources */,
			);
			runOnlyForDeploymentPostprocessing = 0;
		};
/* End PBXSourcesBuildPhase section */

/* Begin PBXTargetDependency section */
		A03FF4F2283721A600870899 /* PBXTargetDependency */ = {
			isa = PBXTargetDependency;
			target = A03FF4D6283721A400870899 /* Audio */;
			targetProxy = A03FF4F1283721A600870899 /* PBXContainerItemProxy */;
		};
		A03FF4FC283721A600870899 /* PBXTargetDependency */ = {
			isa = PBXTargetDependency;
			target = A03FF4D6283721A400870899 /* Audio */;
			targetProxy = A03FF4FB283721A600870899 /* PBXContainerItemProxy */;
		};
/* End PBXTargetDependency section */

/* Begin PBXVariantGroup section */
		A03FF4E0283721A400870899 /* Main.storyboard */ = {
			isa = PBXVariantGroup;
			children = (
				A03FF4E1283721A400870899 /* Base */,
			);
			name = Main.storyboard;
			sourceTree = "<group>";
		};
		A03FF4E8283721A600870899 /* LaunchScreen.storyboard */ = {
			isa = PBXVariantGroup;
			children = (
				A03FF4E9283721A600870899 /* Base */,
			);
			name = LaunchScreen.storyboard;
			sourceTree = "<group>";
		};
/* End PBXVariantGroup section */

/* Begin XCBuildConfiguration section */
		A03FF502283721A600870899 /* Debug */ = {
			isa = XCBuildConfiguration;
			buildSettings = {
				ALWAYS_SEARCH_USER_PATHS = NO;
				CLANG_ANALYZER_NONNULL = YES;
				CLANG_ANALYZER_NUMBER_OBJECT_CONVERSION = YES_AGGRESSIVE;
				CLANG_CXX_LANGUAGE_STANDARD = "gnu++17";
				CLANG_CXX_LIBRARY = "libc++";
				CLANG_ENABLE_MODULES = YES;
				CLANG_ENABLE_OBJC_ARC = YES;
				CLANG_ENABLE_OBJC_WEAK = YES;
				CLANG_WARN_BLOCK_CAPTURE_AUTORELEASING = YES;
				CLANG_WARN_BOOL_CONVERSION = YES;
				CLANG_WARN_COMMA = YES;
				CLANG_WARN_CONSTANT_CONVERSION = YES;
				CLANG_WARN_DEPRECATED_OBJC_IMPLEMENTATIONS = YES;
				CLANG_WARN_DIRECT_OBJC_ISA_USAGE = YES_ERROR;
				CLANG_WARN_DOCUMENTATION_COMMENTS = YES;
				CLANG_WARN_EMPTY_BODY = YES;
				CLANG_WARN_ENUM_CONVERSION = YES;
				CLANG_WARN_INFINITE_RECURSION = YES;
				CLANG_WARN_INT_CONVERSION = YES;
				CLANG_WARN_NON_LITERAL_NULL_CONVERSION = YES;
				CLANG_WARN_OBJC_IMPLICIT_RETAIN_SELF = YES;
				CLANG_WARN_OBJC_LITERAL_CONVERSION = YES;
				CLANG_WARN_OBJC_ROOT_CLASS = YES_ERROR;
				CLANG_WARN_QUOTED_INCLUDE_IN_FRAMEWORK_HEADER = YES;
				CLANG_WARN_RANGE_LOOP_ANALYSIS = YES;
				CLANG_WARN_STRICT_PROTOTYPES = YES;
				CLANG_WARN_SUSPICIOUS_MOVE = YES;
				CLANG_WARN_UNGUARDED_AVAILABILITY = YES_AGGRESSIVE;
				CLANG_WARN_UNREACHABLE_CODE = YES;
				CLANG_WARN__DUPLICATE_METHOD_MATCH = YES;
				COPY_PHASE_STRIP = NO;
				DEBUG_INFORMATION_FORMAT = dwarf;
				ENABLE_STRICT_OBJC_MSGSEND = YES;
				ENABLE_TESTABILITY = YES;
				GCC_C_LANGUAGE_STANDARD = gnu11;
				GCC_DYNAMIC_NO_PIC = NO;
				GCC_NO_COMMON_BLOCKS = YES;
				GCC_OPTIMIZATION_LEVEL = 0;
				GCC_PREPROCESSOR_DEFINITIONS = (
					"DEBUG=1",
					"$(inherited)",
				);
				GCC_WARN_64_TO_32_BIT_CONVERSION = YES;
				GCC_WARN_ABOUT_RETURN_TYPE = YES_ERROR;
				GCC_WARN_UNDECLARED_SELECTOR = YES;
				GCC_WARN_UNINITIALIZED_AUTOS = YES_AGGRESSIVE;
				GCC_WARN_UNUSED_FUNCTION = YES;
				GCC_WARN_UNUSED_VARIABLE = YES;
				IPHONEOS_DEPLOYMENT_TARGET = 15.2;
				MTL_ENABLE_DEBUG_INFO = INCLUDE_SOURCE;
				MTL_FAST_MATH = YES;
				ONLY_ACTIVE_ARCH = YES;
				SDKROOT = iphoneos;
				SWIFT_ACTIVE_COMPILATION_CONDITIONS = DEBUG;
				SWIFT_OPTIMIZATION_LEVEL = "-Onone";
			};
			name = Debug;
		};
		A03FF503283721A600870899 /* Release */ = {
			isa = XCBuildConfiguration;
			buildSettings = {
				ALWAYS_SEARCH_USER_PATHS = NO;
				CLANG_ANALYZER_NONNULL = YES;
				CLANG_ANALYZER_NUMBER_OBJECT_CONVERSION = YES_AGGRESSIVE;
				CLANG_CXX_LANGUAGE_STANDARD = "gnu++17";
				CLANG_CXX_LIBRARY = "libc++";
				CLANG_ENABLE_MODULES = YES;
				CLANG_ENABLE_OBJC_ARC = YES;
				CLANG_ENABLE_OBJC_WEAK = YES;
				CLANG_WARN_BLOCK_CAPTURE_AUTORELEASING = YES;
				CLANG_WARN_BOOL_CONVERSION = YES;
				CLANG_WARN_COMMA = YES;
				CLANG_WARN_CONSTANT_CONVERSION = YES;
				CLANG_WARN_DEPRECATED_OBJC_IMPLEMENTATIONS = YES;
				CLANG_WARN_DIRECT_OBJC_ISA_USAGE = YES_ERROR;
				CLANG_WARN_DOCUMENTATION_COMMENTS = YES;
				CLANG_WARN_EMPTY_BODY = YES;
				CLANG_WARN_ENUM_CONVERSION = YES;
				CLANG_WARN_INFINITE_RECURSION = YES;
				CLANG_WARN_INT_CONVERSION = YES;
				CLANG_WARN_NON_LITERAL_NULL_CONVERSION = YES;
				CLANG_WARN_OBJC_IMPLICIT_RETAIN_SELF = YES;
				CLANG_WARN_OBJC_LITERAL_CONVERSION = YES;
				CLANG_WARN_OBJC_ROOT_CLASS = YES_ERROR;
				CLANG_WARN_QUOTED_INCLUDE_IN_FRAMEWORK_HEADER = YES;
				CLANG_WARN_RANGE_LOOP_ANALYSIS = YES;
				CLANG_WARN_STRICT_PROTOTYPES = YES;
				CLANG_WARN_SUSPICIOUS_MOVE = YES;
				CLANG_WARN_UNGUARDED_AVAILABILITY = YES_AGGRESSIVE;
				CLANG_WARN_UNREACHABLE_CODE = YES;
				CLANG_WARN__DUPLICATE_METHOD_MATCH = YES;
				COPY_PHASE_STRIP = NO;
				DEBUG_INFORMATION_FORMAT = "dwarf-with-dsym";
				ENABLE_NS_ASSERTIONS = NO;
				ENABLE_STRICT_OBJC_MSGSEND = YES;
				GCC_C_LANGUAGE_STANDARD = gnu11;
				GCC_NO_COMMON_BLOCKS = YES;
				GCC_WARN_64_TO_32_BIT_CONVERSION = YES;
				GCC_WARN_ABOUT_RETURN_TYPE = YES_ERROR;
				GCC_WARN_UNDECLARED_SELECTOR = YES;
				GCC_WARN_UNINITIALIZED_AUTOS = YES_AGGRESSIVE;
				GCC_WARN_UNUSED_FUNCTION = YES;
				GCC_WARN_UNUSED_VARIABLE = YES;
				IPHONEOS_DEPLOYMENT_TARGET = 15.2;
				MTL_ENABLE_DEBUG_INFO = NO;
				MTL_FAST_MATH = YES;
				SDKROOT = iphoneos;
				SWIFT_COMPILATION_MODE = wholemodule;
				SWIFT_OPTIMIZATION_LEVEL = "-O";
				VALIDATE_PRODUCT = YES;
			};
			name = Release;
		};
		A03FF505283721A600870899 /* Debug */ = {
			isa = XCBuildConfiguration;
			buildSettings = {
				ASSETCATALOG_COMPILER_APPICON_NAME = AppIcon;
				ASSETCATALOG_COMPILER_GLOBAL_ACCENT_COLOR_NAME = AccentColor;
				CODE_SIGN_STYLE = Automatic;
				CURRENT_PROJECT_VERSION = 1;
				GENERATE_INFOPLIST_FILE = YES;
				INFOPLIST_FILE = Audio/Info.plist;
				INFOPLIST_KEY_UIApplicationSupportsIndirectInputEvents = YES;
				INFOPLIST_KEY_UILaunchStoryboardName = LaunchScreen;
				INFOPLIST_KEY_UIMainStoryboardFile = Main;
				INFOPLIST_KEY_UISupportedInterfaceOrientations_iPad = "UIInterfaceOrientationPortrait UIInterfaceOrientationPortraitUpsideDown UIInterfaceOrientationLandscapeLeft UIInterfaceOrientationLandscapeRight";
				INFOPLIST_KEY_UISupportedInterfaceOrientations_iPhone = "UIInterfaceOrientationPortrait UIInterfaceOrientationLandscapeLeft UIInterfaceOrientationLandscapeRight";
				LD_RUNPATH_SEARCH_PATHS = (
					"$(inherited)",
					"@executable_path/Frameworks",
				);
				MARKETING_VERSION = 1.0;
				PRODUCT_BUNDLE_IDENTIFIER = "-01916048.Audio";
				PRODUCT_NAME = "$(TARGET_NAME)";
				SWIFT_EMIT_LOC_STRINGS = YES;
				SWIFT_VERSION = 5.0;
				TARGETED_DEVICE_FAMILY = "1,2";
			};
			name = Debug;
		};
		A03FF506283721A600870899 /* Release */ = {
			isa = XCBuildConfiguration;
			buildSettings = {
				ASSETCATALOG_COMPILER_APPICON_NAME = AppIcon;
				ASSETCATALOG_COMPILER_GLOBAL_ACCENT_COLOR_NAME = AccentColor;
				CODE_SIGN_STYLE = Automatic;
				CURRENT_PROJECT_VERSION = 1;
				GENERATE_INFOPLIST_FILE = YES;
				INFOPLIST_FILE = Audio/Info.plist;
				INFOPLIST_KEY_UIApplicationSupportsIndirectInputEvents = YES;
				INFOPLIST_KEY_UILaunchStoryboardName = LaunchScreen;
				INFOPLIST_KEY_UIMainStoryboardFile = Main;
				INFOPLIST_KEY_UISupportedInterfaceOrientations_iPad = "UIInterfaceOrientationPortrait UIInterfaceOrientationPortraitUpsideDown UIInterfaceOrientationLandscapeLeft UIInterfaceOrientationLandscapeRight";
				INFOPLIST_KEY_UISupportedInterfaceOrientations_iPhone = "UIInterfaceOrientationPortrait UIInterfaceOrientationLandscapeLeft UIInterfaceOrientationLandscapeRight";
				LD_RUNPATH_SEARCH_PATHS = (
					"$(inherited)",
					"@executable_path/Frameworks",
				);
				MARKETING_VERSION = 1.0;
				PRODUCT_BUNDLE_IDENTIFIER = "-01916048.Audio";
				PRODUCT_NAME = "$(TARGET_NAME)";
				SWIFT_EMIT_LOC_STRINGS = YES;
				SWIFT_VERSION = 5.0;
				TARGETED_DEVICE_FAMILY = "1,2";
			};
			name = Release;
		};
		A03FF508283721A600870899 /* Debug */ = {
			isa = XCBuildConfiguration;
			buildSettings = {
				ALWAYS_EMBED_SWIFT_STANDARD_LIBRARIES = YES;
				BUNDLE_LOADER = "$(TEST_HOST)";
				CODE_SIGN_STYLE = Automatic;
				CURRENT_PROJECT_VERSION = 1;
				GENERATE_INFOPLIST_FILE = YES;
				IPHONEOS_DEPLOYMENT_TARGET = 15.2;
				MARKETING_VERSION = 1.0;
				PRODUCT_BUNDLE_IDENTIFIER = "-01916048.AudioTests";
				PRODUCT_NAME = "$(TARGET_NAME)";
				SWIFT_EMIT_LOC_STRINGS = NO;
				SWIFT_VERSION = 5.0;
				TARGETED_DEVICE_FAMILY = "1,2";
				TEST_HOST = "$(BUILT_PRODUCTS_DIR)/Audio.app/Audio";
			};
			name = Debug;
		};
		A03FF509283721A600870899 /* Release */ = {
			isa = XCBuildConfiguration;
			buildSettings = {
				ALWAYS_EMBED_SWIFT_STANDARD_LIBRARIES = YES;
				BUNDLE_LOADER = "$(TEST_HOST)";
				CODE_SIGN_STYLE = Automatic;
				CURRENT_PROJECT_VERSION = 1;
				GENERATE_INFOPLIST_FILE = YES;
				IPHONEOS_DEPLOYMENT_TARGET = 15.2;
				MARKETING_VERSION = 1.0;
				PRODUCT_BUNDLE_IDENTIFIER = "-01916048.AudioTests";
				PRODUCT_NAME = "$(TARGET_NAME)";
				SWIFT_EMIT_LOC_STRINGS = NO;
				SWIFT_VERSION = 5.0;
				TARGETED_DEVICE_FAMILY = "1,2";
				TEST_HOST = "$(BUILT_PRODUCTS_DIR)/Audio.app/Audio";
			};
			name = Release;
		};
		A03FF50B283721A600870899 /* Debug */ = {
			isa = XCBuildConfiguration;
			buildSettings = {
				ALWAYS_EMBED_SWIFT_STANDARD_LIBRARIES = YES;
				CODE_SIGN_STYLE = Automatic;
				CURRENT_PROJECT_VERSION = 1;
				GENERATE_INFOPLIST_FILE = YES;
				MARKETING_VERSION = 1.0;
				PRODUCT_BUNDLE_IDENTIFIER = "-01916048.AudioUITests";
				PRODUCT_NAME = "$(TARGET_NAME)";
				SWIFT_EMIT_LOC_STRINGS = NO;
				SWIFT_VERSION = 5.0;
				TARGETED_DEVICE_FAMILY = "1,2";
				TEST_TARGET_NAME = Audio;
			};
			name = Debug;
		};
		A03FF50C283721A600870899 /* Release */ = {
			isa = XCBuildConfiguration;
			buildSettings = {
				ALWAYS_EMBED_SWIFT_STANDARD_LIBRARIES = YES;
				CODE_SIGN_STYLE = Automatic;
				CURRENT_PROJECT_VERSION = 1;
				GENERATE_INFOPLIST_FILE = YES;
				MARKETING_VERSION = 1.0;
				PRODUCT_BUNDLE_IDENTIFIER = "-01916048.AudioUITests";
				PRODUCT_NAME = "$(TARGET_NAME)";
				SWIFT_EMIT_LOC_STRINGS = NO;
				SWIFT_VERSION = 5.0;
				TARGETED_DEVICE_FAMILY = "1,2";
				TEST_TARGET_NAME = Audio;
			};
			name = Release;
		};
/* End XCBuildConfiguration section */

/* Begin XCConfigurationList section */
		A03FF4D2283721A400870899 /* Build configuration list for PBXProject "Audio" */ = {
			isa = XCConfigurationList;
			buildConfigurations = (
				A03FF502283721A600870899 /* Debug */,
				A03FF503283721A600870899 /* Release */,
			);
			defaultConfigurationIsVisible = 0;
			defaultConfigurationName = Release;
		};
		A03FF504283721A600870899 /* Build configuration list for PBXNativeTarget "Audio" */ = {
			isa = XCConfigurationList;
			buildConfigurations = (
				A03FF505283721A600870899 /* Debug */,
				A03FF506283721A600870899 /* Release */,
			);
			defaultConfigurationIsVisible = 0;
			defaultConfigurationName = Release;
		};
		A03FF507283721A600870899 /* Build configuration list for PBXNativeTarget "AudioTests" */ = {
			isa = XCConfigurationList;
			buildConfigurations = (
				A03FF508283721A600870899 /* Debug */,
				A03FF509283721A600870899 /* Release */,
			);
			defaultConfigurationIsVisible = 0;
			defaultConfigurationName = Release;
		};
		A03FF50A283721A600870899 /* Build configuration list for PBXNativeTarget "AudioUITests" */ = {
			isa = XCConfigurationList;
			buildConfigurations = (
				A03FF50B283721A600870899 /* Debug */,
				A03FF50C283721A600870899 /* Release */,
			);
			defaultConfigurationIsVisible = 0;
			defaultConfigurationName = Release;
		};
/* End XCConfigurationList section */

/* Begin XCVersionGroup section */
		A03FF4E3283721A400870899 /* Audio.xcdatamodeld */ = {
			isa = XCVersionGroup;
			children = (
				A03FF4E4283721A400870899 /* Audio.xcdatamodel */,
			);
			currentVersion = A03FF4E4283721A400870899 /* Audio.xcdatamodel */;
			path = Audio.xcdatamodeld;
			sourceTree = "<group>";
			versionGroupType = wrapper.xcdatamodel;
		};
/* End XCVersionGroup section */
	};
	rootObject = A03FF4CF283721A400870899 /* Project object */;
}
